// !$*UTF8*$!
{
	archiveVersion = 1;
	classes = {
	};
	objectVersion = 50;
	objects = {

/* Begin PBXBuildFile section */
		2430696121D9D86400DC106B /* VCWKWebview.swift in Sources */ = {isa = PBXBuildFile; fileRef = 2430696021D9D86400DC106B /* VCWKWebview.swift */; };
		2430696421D9DC4000DC106B /* redcow5.jpeg in Resources */ = {isa = PBXBuildFile; fileRef = 2430696321D9DC4000DC106B /* redcow5.jpeg */; };
		249E795921D7A4B200FAAE96 /* Constants.swift in Sources */ = {isa = PBXBuildFile; fileRef = 249E793021D7A4B100FAAE96 /* Constants.swift */; };
		249E795A21D7A4B200FAAE96 /* SoapClient.swift in Sources */ = {isa = PBXBuildFile; fileRef = 249E793121D7A4B100FAAE96 /* SoapClient.swift */; };
		249E795B21D7A4B200FAAE96 /* CommonUtils.swift in Sources */ = {isa = PBXBuildFile; fileRef = 249E793221D7A4B100FAAE96 /* CommonUtils.swift */; };
		249E795C21D7A4B200FAAE96 /* WebpageHandler.swift in Sources */ = {isa = PBXBuildFile; fileRef = 249E793321D7A4B100FAAE96 /* WebpageHandler.swift */; };
		249E796021D7A4B200FAAE96 /* redcow5.jpeg in Resources */ = {isa = PBXBuildFile; fileRef = 249E793C21D7A4B100FAAE96 /* redcow5.jpeg */; };
		249E796121D7A4B200FAAE96 /* Assets.xcassets in Resources */ = {isa = PBXBuildFile; fileRef = 249E794021D7A4B100FAAE96 /* Assets.xcassets */; };
		249E796221D7A4B200FAAE96 /* LaunchScreen.storyboard in Resources */ = {isa = PBXBuildFile; fileRef = 249E794221D7A4B100FAAE96 /* LaunchScreen.storyboard */; };
		249E796321D7A4B200FAAE96 /* Main.storyboard in Resources */ = {isa = PBXBuildFile; fileRef = 249E794421D7A4B100FAAE96 /* Main.storyboard */; };
		249E796621D7A4B200FAAE96 /* SirenError.swift in Sources */ = {isa = PBXBuildFile; fileRef = 249E794A21D7A4B100FAAE96 /* SirenError.swift */; };
		249E796721D7A4B200FAAE96 /* Siren.bundle in Resources */ = {isa = PBXBuildFile; fileRef = 249E794B21D7A4B100FAAE96 /* Siren.bundle */; };
		249E796821D7A4B200FAAE96 /* SirenAlertMessaging.swift in Sources */ = {isa = PBXBuildFile; fileRef = 249E794C21D7A4B100FAAE96 /* SirenAlertMessaging.swift */; };
		249E796921D7A4B200FAAE96 /* SirenLog.swift in Sources */ = {isa = PBXBuildFile; fileRef = 249E794D21D7A4B100FAAE96 /* SirenLog.swift */; };
		249E796A21D7A4B200FAAE96 /* Siren.swift in Sources */ = {isa = PBXBuildFile; fileRef = 249E794E21D7A4B100FAAE96 /* Siren.swift */; };
		249E796B21D7A4B200FAAE96 /* SirenLookupModel.swift in Sources */ = {isa = PBXBuildFile; fileRef = 249E794F21D7A4B100FAAE96 /* SirenLookupModel.swift */; };
		249E796C21D7A4B200FAAE96 /* SirenUIAlertControllerExtension.swift in Sources */ = {isa = PBXBuildFile; fileRef = 249E795021D7A4B100FAAE96 /* SirenUIAlertControllerExtension.swift */; };
		249E796D21D7A4B200FAAE96 /* SirenViewController.swift in Sources */ = {isa = PBXBuildFile; fileRef = 249E795121D7A4B100FAAE96 /* SirenViewController.swift */; };
		249E796E21D7A4B200FAAE96 /* SirenDelegate.swift in Sources */ = {isa = PBXBuildFile; fileRef = 249E795221D7A4B100FAAE96 /* SirenDelegate.swift */; };
		249E796F21D7A4B200FAAE96 /* SirenTestHelper.swift in Sources */ = {isa = PBXBuildFile; fileRef = 249E795321D7A4B100FAAE96 /* SirenTestHelper.swift */; };
		249E797021D7A4B200FAAE96 /* SirenBundleExtension.swift in Sources */ = {isa = PBXBuildFile; fileRef = 249E795421D7A4B100FAAE96 /* SirenBundleExtension.swift */; };
		249E797121D7A4B200FAAE96 /* SirenDateExtension.swift in Sources */ = {isa = PBXBuildFile; fileRef = 249E795521D7A4B100FAAE96 /* SirenDateExtension.swift */; };
		24B340BA21D79BD400A2340C /* AppDelegate.swift in Sources */ = {isa = PBXBuildFile; fileRef = 24B340B921D79BD400A2340C /* AppDelegate.swift */; };
/* End PBXBuildFile section */

/* Begin PBXFileReference section */
		2430696021D9D86400DC106B /* VCWKWebview.swift */ = {isa = PBXFileReference; lastKnownFileType = sourcecode.swift; path = VCWKWebview.swift; sourceTree = "<group>"; };
		2430696321D9DC4000DC106B /* redcow5.jpeg */ = {isa = PBXFileReference; lastKnownFileType = image.jpeg; path = redcow5.jpeg; sourceTree = "<group>"; };
		249E793021D7A4B100FAAE96 /* Constants.swift */ = {isa = PBXFileReference; fileEncoding = 4; lastKnownFileType = sourcecode.swift; path = Constants.swift; sourceTree = "<group>"; };
		249E793121D7A4B100FAAE96 /* SoapClient.swift */ = {isa = PBXFileReference; fileEncoding = 4; lastKnownFileType = sourcecode.swift; path = SoapClient.swift; sourceTree = "<group>"; };
		249E793221D7A4B100FAAE96 /* CommonUtils.swift */ = {isa = PBXFileReference; fileEncoding = 4; lastKnownFileType = sourcecode.swift; path = CommonUtils.swift; sourceTree = "<group>"; };
		249E793321D7A4B100FAAE96 /* WebpageHandler.swift */ = {isa = PBXFileReference; fileEncoding = 4; lastKnownFileType = sourcecode.swift; path = WebpageHandler.swift; sourceTree = "<group>"; };
		249E793C21D7A4B100FAAE96 /* redcow5.jpeg */ = {isa = PBXFileReference; lastKnownFileType = image.jpeg; path = redcow5.jpeg; sourceTree = "<group>"; };
		249E794021D7A4B100FAAE96 /* Assets.xcassets */ = {isa = PBXFileReference; lastKnownFileType = folder.assetcatalog; path = Assets.xcassets; sourceTree = "<group>"; };
		249E794321D7A4B100FAAE96 /* Base */ = {isa = PBXFileReference; lastKnownFileType = file.storyboard; name = Base; path = Base.lproj/LaunchScreen.storyboard; sourceTree = "<group>"; };
		249E794521D7A4B100FAAE96 /* Base */ = {isa = PBXFileReference; lastKnownFileType = file.storyboard; name = Base; path = Base.lproj/Main.storyboard; sourceTree = "<group>"; };
		249E794A21D7A4B100FAAE96 /* SirenError.swift */ = {isa = PBXFileReference; fileEncoding = 4; lastKnownFileType = sourcecode.swift; path = SirenError.swift; sourceTree = "<group>"; };
		249E794B21D7A4B100FAAE96 /* Siren.bundle */ = {isa = PBXFileReference; lastKnownFileType = "wrapper.plug-in"; path = Siren.bundle; sourceTree = "<group>"; };
		249E794C21D7A4B100FAAE96 /* SirenAlertMessaging.swift */ = {isa = PBXFileReference; fileEncoding = 4; lastKnownFileType = sourcecode.swift; path = SirenAlertMessaging.swift; sourceTree = "<group>"; };
		249E794D21D7A4B100FAAE96 /* SirenLog.swift */ = {isa = PBXFileReference; fileEncoding = 4; lastKnownFileType = sourcecode.swift; path = SirenLog.swift; sourceTree = "<group>"; };
		249E794E21D7A4B100FAAE96 /* Siren.swift */ = {isa = PBXFileReference; fileEncoding = 4; lastKnownFileType = sourcecode.swift; path = Siren.swift; sourceTree = "<group>"; };
		249E794F21D7A4B100FAAE96 /* SirenLookupModel.swift */ = {isa = PBXFileReference; fileEncoding = 4; lastKnownFileType = sourcecode.swift; path = SirenLookupModel.swift; sourceTree = "<group>"; };
		249E795021D7A4B100FAAE96 /* SirenUIAlertControllerExtension.swift */ = {isa = PBXFileReference; fileEncoding = 4; lastKnownFileType = sourcecode.swift; path = SirenUIAlertControllerExtension.swift; sourceTree = "<group>"; };
		249E795121D7A4B100FAAE96 /* SirenViewController.swift */ = {isa = PBXFileReference; fileEncoding = 4; lastKnownFileType = sourcecode.swift; path = SirenViewController.swift; sourceTree = "<group>"; };
		249E795221D7A4B100FAAE96 /* SirenDelegate.swift */ = {isa = PBXFileReference; fileEncoding = 4; lastKnownFileType = sourcecode.swift; path = SirenDelegate.swift; sourceTree = "<group>"; };
		249E795321D7A4B100FAAE96 /* SirenTestHelper.swift */ = {isa = PBXFileReference; fileEncoding = 4; lastKnownFileType = sourcecode.swift; path = SirenTestHelper.swift; sourceTree = "<group>"; };
		249E795421D7A4B100FAAE96 /* SirenBundleExtension.swift */ = {isa = PBXFileReference; fileEncoding = 4; lastKnownFileType = sourcecode.swift; path = SirenBundleExtension.swift; sourceTree = "<group>"; };
		249E795521D7A4B100FAAE96 /* SirenDateExtension.swift */ = {isa = PBXFileReference; fileEncoding = 4; lastKnownFileType = sourcecode.swift; path = SirenDateExtension.swift; sourceTree = "<group>"; };
		24B340B621D79BD400A2340C /* WKWebView.app */ = {isa = PBXFileReference; explicitFileType = wrapper.application; includeInIndex = 0; path = WKWebView.app; sourceTree = BUILT_PRODUCTS_DIR; };
		24B340B921D79BD400A2340C /* AppDelegate.swift */ = {isa = PBXFileReference; lastKnownFileType = sourcecode.swift; path = AppDelegate.swift; sourceTree = "<group>"; };
/* End PBXFileReference section */

/* Begin PBXFrameworksBuildPhase section */
		24B340B321D79BD400A2340C /* Frameworks */ = {
			isa = PBXFrameworksBuildPhase;
			buildActionMask = 2147483647;
			files = (
			);
			runOnlyForDeploymentPostprocessing = 0;
		};
/* End PBXFrameworksBuildPhase section */

/* Begin PBXGroup section */
		249E792721D7A45800FAAE96 /* Resources */ = {
			isa = PBXGroup;
			children = (
				249E792821D7A45800FAAE96 /* images */,
			);
			path = Resources;
			sourceTree = "<group>";
		};
		249E792821D7A45800FAAE96 /* images */ = {
			isa = PBXGroup;
			children = (
				2430696321D9DC4000DC106B /* redcow5.jpeg */,
			);
			path = images;
			sourceTree = "<group>";
		};
		249E792A21D7A45800FAAE96 /* Views */ = {
			isa = PBXGroup;
			children = (
			);
			path = Views;
			sourceTree = "<group>";
		};
		249E792C21D7A46C00FAAE96 /* Controllers */ = {
			isa = PBXGroup;
			children = (
				2430696021D9D86400DC106B /* VCWKWebview.swift */,
			);
			path = Controllers;
			sourceTree = "<group>";
		};
		249E792F21D7A4B100FAAE96 /* Helpers */ = {
			isa = PBXGroup;
			children = (
				249E793021D7A4B100FAAE96 /* Constants.swift */,
				249E793121D7A4B100FAAE96 /* SoapClient.swift */,
				249E793221D7A4B100FAAE96 /* CommonUtils.swift */,
				249E793321D7A4B100FAAE96 /* WebpageHandler.swift */,
			);
			path = Helpers;
			sourceTree = "<group>";
		};
		249E793A21D7A4B100FAAE96 /* Resources */ = {
			isa = PBXGroup;
			children = (
				249E793B21D7A4B100FAAE96 /* images */,
				249E793D21D7A4B100FAAE96 /* Views */,
			);
			path = Resources;
			sourceTree = "<group>";
		};
		249E793B21D7A4B100FAAE96 /* images */ = {
			isa = PBXGroup;
			children = (
				249E793C21D7A4B100FAAE96 /* redcow5.jpeg */,
			);
			path = images;
			sourceTree = "<group>";
		};
		249E793D21D7A4B100FAAE96 /* Views */ = {
			isa = PBXGroup;
			children = (
			);
			path = Views;
			sourceTree = "<group>";
		};
		249E793E21D7A4B100FAAE96 /* Models */ = {
			isa = PBXGroup;
			children = (
			);
			path = Models;
			sourceTree = "<group>";
		};
		249E793F21D7A4B100FAAE96 /* Support Files */ = {
			isa = PBXGroup;
			children = (
				249E794021D7A4B100FAAE96 /* Assets.xcassets */,
				249E794221D7A4B100FAAE96 /* LaunchScreen.storyboard */,
				249E794421D7A4B100FAAE96 /* Main.storyboard */,
				24B340B921D79BD400A2340C /* AppDelegate.swift */,
			);
			path = "Support Files";
			sourceTree = "<group>";
		};
		249E794821D7A4B100FAAE96 /* Libraries */ = {
			isa = PBXGroup;
			children = (
				249E794921D7A4B100FAAE96 /* Siren */,
			);
			path = Libraries;
			sourceTree = "<group>";
		};
		249E794921D7A4B100FAAE96 /* Siren */ = {
			isa = PBXGroup;
			children = (
				249E794A21D7A4B100FAAE96 /* SirenError.swift */,
				249E794B21D7A4B100FAAE96 /* Siren.bundle */,
				249E794C21D7A4B100FAAE96 /* SirenAlertMessaging.swift */,
				249E794D21D7A4B100FAAE96 /* SirenLog.swift */,
				249E794E21D7A4B100FAAE96 /* Siren.swift */,
				249E794F21D7A4B100FAAE96 /* SirenLookupModel.swift */,
				249E795021D7A4B100FAAE96 /* SirenUIAlertControllerExtension.swift */,
				249E795121D7A4B100FAAE96 /* SirenViewController.swift */,
				249E795221D7A4B100FAAE96 /* SirenDelegate.swift */,
				249E795321D7A4B100FAAE96 /* SirenTestHelper.swift */,
				249E795421D7A4B100FAAE96 /* SirenBundleExtension.swift */,
				249E795521D7A4B100FAAE96 /* SirenDateExtension.swift */,
			);
			path = Siren;
			sourceTree = "<group>";
		};
		24B340AD21D79BD400A2340C = {
			isa = PBXGroup;
			children = (
				24B340B821D79BD400A2340C /* WKWebView */,
				24B340B721D79BD400A2340C /* Products */,
			);
			sourceTree = "<group>";
		};
		24B340B721D79BD400A2340C /* Products */ = {
			isa = PBXGroup;
			children = (
				24B340B621D79BD400A2340C /* WKWebView.app */,
			);
			name = Products;
			sourceTree = "<group>";
		};
		24B340B821D79BD400A2340C /* WKWebView */ = {
			isa = PBXGroup;
			children = (
				249E792A21D7A45800FAAE96 /* Views */,
				249E792C21D7A46C00FAAE96 /* Controllers */,
				249E794821D7A4B100FAAE96 /* Libraries */,
				249E793F21D7A4B100FAAE96 /* Support Files */,
				249E793E21D7A4B100FAAE96 /* Models */,
				249E792721D7A45800FAAE96 /* Resources */,
				249E792F21D7A4B100FAAE96 /* Helpers */,
				249E793A21D7A4B100FAAE96 /* Resources */,
			);
			path = WKWebView;
			sourceTree = "<group>";
		};
/* End PBXGroup section */

/* Begin PBXNativeTarget section */
		24B340B521D79BD400A2340C /* WKWebView */ = {
			isa = PBXNativeTarget;
			buildConfigurationList = 24B340C821D79BDB00A2340C /* Build configuration list for PBXNativeTarget "WKWebView" */;
			buildPhases = (
				24B340B221D79BD400A2340C /* Sources */,
				24B340B321D79BD400A2340C /* Frameworks */,
				24B340B421D79BD400A2340C /* Resources */,
			);
			buildRules = (
			);
			dependencies = (
			);
			name = WKWebView;
			productName = WKWebView;
			productReference = 24B340B621D79BD400A2340C /* WKWebView.app */;
			productType = "com.apple.product-type.application";
		};
/* End PBXNativeTarget section */

/* Begin PBXProject section */
		24B340AE21D79BD400A2340C /* Project object */ = {
			isa = PBXProject;
			attributes = {
				LastSwiftUpdateCheck = 1010;
				LastUpgradeCheck = 1010;
				ORGANIZATIONNAME = "Komal Badhe";
				TargetAttributes = {
					24B340B521D79BD400A2340C = {
						CreatedOnToolsVersion = 10.1;
					};
				};
			};
			buildConfigurationList = 24B340B121D79BD400A2340C /* Build configuration list for PBXProject "WKWebView" */;
			compatibilityVersion = "Xcode 9.3";
			developmentRegion = en;
			hasScannedForEncodings = 0;
			knownRegions = (
				en,
				Base,
			);
			mainGroup = 24B340AD21D79BD400A2340C;
			productRefGroup = 24B340B721D79BD400A2340C /* Products */;
			projectDirPath = "";
			projectRoot = "";
			targets = (
				24B340B521D79BD400A2340C /* WKWebView */,
			);
		};
/* End PBXProject section */

/* Begin PBXResourcesBuildPhase section */
		24B340B421D79BD400A2340C /* Resources */ = {
			isa = PBXResourcesBuildPhase;
			buildActionMask = 2147483647;
			files = (
				249E796021D7A4B200FAAE96 /* redcow5.jpeg in Resources */,
				249E796221D7A4B200FAAE96 /* LaunchScreen.storyboard in Resources */,
				249E796321D7A4B200FAAE96 /* Main.storyboard in Resources */,
				2430696421D9DC4000DC106B /* redcow5.jpeg in Resources */,
				249E796721D7A4B200FAAE96 /* Siren.bundle in Resources */,
				249E796121D7A4B200FAAE96 /* Assets.xcassets in Resources */,
			);
			runOnlyForDeploymentPostprocessing = 0;
		};
/* End PBXResourcesBuildPhase section */

/* Begin PBXSourcesBuildPhase section */
		24B340B221D79BD400A2340C /* Sources */ = {
			isa = PBXSourcesBuildPhase;
			buildActionMask = 2147483647;
			files = (
				249E796921D7A4B200FAAE96 /* SirenLog.swift in Sources */,
				249E797021D7A4B200FAAE96 /* SirenBundleExtension.swift in Sources */,
				249E796D21D7A4B200FAAE96 /* SirenViewController.swift in Sources */,
				24B340BA21D79BD400A2340C /* AppDelegate.swift in Sources */,
				249E796F21D7A4B200FAAE96 /* SirenTestHelper.swift in Sources */,
				249E795A21D7A4B200FAAE96 /* SoapClient.swift in Sources */,
				249E796A21D7A4B200FAAE96 /* Siren.swift in Sources */,
				249E796C21D7A4B200FAAE96 /* SirenUIAlertControllerExtension.swift in Sources */,
				249E796621D7A4B200FAAE96 /* SirenError.swift in Sources */,
				249E795B21D7A4B200FAAE96 /* CommonUtils.swift in Sources */,
				249E796E21D7A4B200FAAE96 /* SirenDelegate.swift in Sources */,
				249E795C21D7A4B200FAAE96 /* WebpageHandler.swift in Sources */,
				249E796821D7A4B200FAAE96 /* SirenAlertMessaging.swift in Sources */,
				249E797121D7A4B200FAAE96 /* SirenDateExtension.swift in Sources */,
				2430696121D9D86400DC106B /* VCWKWebview.swift in Sources */,
				249E796B21D7A4B200FAAE96 /* SirenLookupModel.swift in Sources */,
				249E795921D7A4B200FAAE96 /* Constants.swift in Sources */,
			);
			runOnlyForDeploymentPostprocessing = 0;
		};
/* End PBXSourcesBuildPhase section */

/* Begin PBXVariantGroup section */
		249E794221D7A4B100FAAE96 /* LaunchScreen.storyboard */ = {
			isa = PBXVariantGroup;
			children = (
				249E794321D7A4B100FAAE96 /* Base */,
			);
			name = LaunchScreen.storyboard;
			sourceTree = "<group>";
		};
		249E794421D7A4B100FAAE96 /* Main.storyboard */ = {
			isa = PBXVariantGroup;
			children = (
				249E794521D7A4B100FAAE96 /* Base */,
			);
			name = Main.storyboard;
			sourceTree = "<group>";
		};
/* End PBXVariantGroup section */

/* Begin XCBuildConfiguration section */
		24B340C621D79BDB00A2340C /* Debug */ = {
			isa = XCBuildConfiguration;
			buildSettings = {
				ALWAYS_SEARCH_USER_PATHS = NO;
				CLANG_ANALYZER_NONNULL = YES;
				CLANG_ANALYZER_NUMBER_OBJECT_CONVERSION = YES_AGGRESSIVE;
				CLANG_CXX_LANGUAGE_STANDARD = "gnu++14";
				CLANG_CXX_LIBRARY = "libc++";
				CLANG_ENABLE_MODULES = YES;
				CLANG_ENABLE_OBJC_ARC = YES;
				CLANG_ENABLE_OBJC_WEAK = YES;
				CLANG_WARN_BLOCK_CAPTURE_AUTORELEASING = YES;
				CLANG_WARN_BOOL_CONVERSION = YES;
				CLANG_WARN_COMMA = YES;
				CLANG_WARN_CONSTANT_CONVERSION = YES;
				CLANG_WARN_DEPRECATED_OBJC_IMPLEMENTATIONS = YES;
				CLANG_WARN_DIRECT_OBJC_ISA_USAGE = YES_ERROR;
				CLANG_WARN_DOCUMENTATION_COMMENTS = YES;
				CLANG_WARN_EMPTY_BODY = YES;
				CLANG_WARN_ENUM_CONVERSION = YES;
				CLANG_WARN_INFINITE_RECURSION = YES;
				CLANG_WARN_INT_CONVERSION = YES;
				CLANG_WARN_NON_LITERAL_NULL_CONVERSION = YES;
				CLANG_WARN_OBJC_IMPLICIT_RETAIN_SELF = YES;
				CLANG_WARN_OBJC_LITERAL_CONVERSION = YES;
				CLANG_WARN_OBJC_ROOT_CLASS = YES_ERROR;
				CLANG_WARN_RANGE_LOOP_ANALYSIS = YES;
				CLANG_WARN_STRICT_PROTOTYPES = YES;
				CLANG_WARN_SUSPICIOUS_MOVE = YES;
				CLANG_WARN_UNGUARDED_AVAILABILITY = YES_AGGRESSIVE;
				CLANG_WARN_UNREACHABLE_CODE = YES;
				CLANG_WARN__DUPLICATE_METHOD_MATCH = YES;
				CODE_SIGN_IDENTITY = "iPhone Developer";
				COPY_PHASE_STRIP = NO;
				DEBUG_INFORMATION_FORMAT = dwarf;
				ENABLE_STRICT_OBJC_MSGSEND = YES;
				ENABLE_TESTABILITY = YES;
				GCC_C_LANGUAGE_STANDARD = gnu11;
				GCC_DYNAMIC_NO_PIC = NO;
				GCC_NO_COMMON_BLOCKS = YES;
				GCC_OPTIMIZATION_LEVEL = 0;
				GCC_PREPROCESSOR_DEFINITIONS = (
					"DEBUG=1",
					"$(inherited)",
				);
				GCC_WARN_64_TO_32_BIT_CONVERSION = YES;
				GCC_WARN_ABOUT_RETURN_TYPE = YES_ERROR;
				GCC_WARN_UNDECLARED_SELECTOR = YES;
				GCC_WARN_UNINITIALIZED_AUTOS = YES_AGGRESSIVE;
				GCC_WARN_UNUSED_FUNCTION = YES;
				GCC_WARN_UNUSED_VARIABLE = YES;
				IPHONEOS_DEPLOYMENT_TARGET = 12.1;
				MTL_ENABLE_DEBUG_INFO = INCLUDE_SOURCE;
				MTL_FAST_MATH = YES;
				ONLY_ACTIVE_ARCH = YES;
				SDKROOT = iphoneos;
				SWIFT_ACTIVE_COMPILATION_CONDITIONS = DEBUG;
				SWIFT_OPTIMIZATION_LEVEL = "-Onone";
			};
			name = Debug;
		};
		24B340C721D79BDB00A2340C /* Release */ = {
			isa = XCBuildConfiguration;
			buildSettings = {
				ALWAYS_SEARCH_USER_PATHS = NO;
				CLANG_ANALYZER_NONNULL = YES;
				CLANG_ANALYZER_NUMBER_OBJECT_CONVERSION = YES_AGGRESSIVE;
				CLANG_CXX_LANGUAGE_STANDARD = "gnu++14";
				CLANG_CXX_LIBRARY = "libc++";
				CLANG_ENABLE_MODULES = YES;
				CLANG_ENABLE_OBJC_ARC = YES;
				CLANG_ENABLE_OBJC_WEAK = YES;
				CLANG_WARN_BLOCK_CAPTURE_AUTORELEASING = YES;
				CLANG_WARN_BOOL_CONVERSION = YES;
				CLANG_WARN_COMMA = YES;
				CLANG_WARN_CONSTANT_CONVERSION = YES;
				CLANG_WARN_DEPRECATED_OBJC_IMPLEMENTATIONS = YES;
				CLANG_WARN_DIRECT_OBJC_ISA_USAGE = YES_ERROR;
				CLANG_WARN_DOCUMENTATION_COMMENTS = YES;
				CLANG_WARN_EMPTY_BODY = YES;
				CLANG_WARN_ENUM_CONVERSION = YES;
				CLANG_WARN_INFINITE_RECURSION = YES;
				CLANG_WARN_INT_CONVERSION = YES;
				CLANG_WARN_NON_LITERAL_NULL_CONVERSION = YES;
				CLANG_WARN_OBJC_IMPLICIT_RETAIN_SELF = YES;
				CLANG_WARN_OBJC_LITERAL_CONVERSION = YES;
				CLANG_WARN_OBJC_ROOT_CLASS = YES_ERROR;
				CLANG_WARN_RANGE_LOOP_ANALYSIS = YES;
				CLANG_WARN_STRICT_PROTOTYPES = YES;
				CLANG_WARN_SUSPICIOUS_MOVE = YES;
				CLANG_WARN_UNGUARDED_AVAILABILITY = YES_AGGRESSIVE;
				CLANG_WARN_UNREACHABLE_CODE = YES;
				CLANG_WARN__DUPLICATE_METHOD_MATCH = YES;
				CODE_SIGN_IDENTITY = "iPhone Developer";
				COPY_PHASE_STRIP = NO;
				DEBUG_INFORMATION_FORMAT = "dwarf-with-dsym";
				ENABLE_NS_ASSERTIONS = NO;
				ENABLE_STRICT_OBJC_MSGSEND = YES;
				GCC_C_LANGUAGE_STANDARD = gnu11;
				GCC_NO_COMMON_BLOCKS = YES;
				GCC_WARN_64_TO_32_BIT_CONVERSION = YES;
				GCC_WARN_ABOUT_RETURN_TYPE = YES_ERROR;
				GCC_WARN_UNDECLARED_SELECTOR = YES;
				GCC_WARN_UNINITIALIZED_AUTOS = YES_AGGRESSIVE;
				GCC_WARN_UNUSED_FUNCTION = YES;
				GCC_WARN_UNUSED_VARIABLE = YES;
				IPHONEOS_DEPLOYMENT_TARGET = 12.1;
				MTL_ENABLE_DEBUG_INFO = NO;
				MTL_FAST_MATH = YES;
				SDKROOT = iphoneos;
				SWIFT_COMPILATION_MODE = wholemodule;
				SWIFT_OPTIMIZATION_LEVEL = "-O";
				VALIDATE_PRODUCT = YES;
			};
			name = Release;
		};
		24B340C921D79BDB00A2340C /* Debug */ = {
			isa = XCBuildConfiguration;
			buildSettings = {
				ASSETCATALOG_COMPILER_APPICON_NAME = AppIcon;
				CODE_SIGN_STYLE = Automatic;
				INFOPLIST_FILE = Info.plist;
				LD_RUNPATH_SEARCH_PATHS = (
					"$(inherited)",
					"@executable_path/Frameworks",
				);
				PRODUCT_BUNDLE_IDENTIFIER = com.demo.mobile.WKWebView;
				PRODUCT_NAME = "$(TARGET_NAME)";
				SWIFT_VERSION = 4.2;
				TARGETED_DEVICE_FAMILY = "1,2";
			};
			name = Debug;
		};
		24B340CA21D79BDB00A2340C /* Release */ = {
			isa = XCBuildConfiguration;
			buildSettings = {
				ASSETCATALOG_COMPILER_APPICON_NAME = AppIcon;
				CODE_SIGN_STYLE = Automatic;
				INFOPLIST_FILE = Info.plist;
				LD_RUNPATH_SEARCH_PATHS = (
					"$(inherited)",
					"@executable_path/Frameworks",
				);
				PRODUCT_BUNDLE_IDENTIFIER = com.demo.mobile.WKWebView;
				PRODUCT_NAME = "$(TARGET_NAME)";
				SWIFT_VERSION = 4.2;
				TARGETED_DEVICE_FAMILY = "1,2";
			};
			name = Release;
		};
/* End XCBuildConfiguration section */

/* Begin XCConfigurationList section */
		24B340B121D79BD400A2340C /* Build configuration list for PBXProject "WKWebView" */ = {
			isa = XCConfigurationList;
			buildConfigurations = (
				24B340C621D79BDB00A2340C /* Debug */,
				24B340C721D79BDB00A2340C /* Release */,
			);
			defaultConfigurationIsVisible = 0;
			defaultConfigurationName = Release;
		};
		24B340C821D79BDB00A2340C /* Build configuration list for PBXNativeTarget "WKWebView" */ = {
			isa = XCConfigurationList;
			buildConfigurations = (
				24B340C921D79BDB00A2340C /* Debug */,
				24B340CA21D79BDB00A2340C /* Release */,
			);
			defaultConfigurationIsVisible = 0;
			defaultConfigurationName = Release;
		};
/* End XCConfigurationList section */
	};
	rootObject = 24B340AE21D79BD400A2340C /* Project object */;
}
